
Microsoft Visual Studio Solution File, Format Version 12.00
# Visual Studio Version 17
VisualStudioVersion = 17.4.33205.214
MinimumVisualStudioVersion = 10.0.40219.1
Project("{FAE04EC0-301F-11D3-BF4B-00C04F79EFBC}") = "Drawing", "Drawing.csproj", "{9C986901-246C-45DA-A5CB-5CBD25AE7C6E}"
EndProject
Global
	GlobalSection(SolutionConfigurationPlatforms) = preSolution
		Debug|Any CPU = Debug|Any CPU
		Release|Any CPU = Release|Any CPU
	EndGlobalSection
	GlobalSection(ProjectConfigurationPlatforms) = postSolution
		{9C986901-246C-45DA-A5CB-5CBD25AE7C6E}.Debug|Any CPU.ActiveCfg = Debug|Any CPU
		{9C986901-246C-45DA-A5CB-5CBD25AE7C6E}.Debug|Any CPU.Build.0 = Debug|Any CPU
		{9C986901-246C-45DA-A5CB-5CBD25AE7C6E}.Release|Any CPU.ActiveCfg = Release|Any CPU
		{9C986901-246C-45DA-A5CB-5CBD25AE7C6E}.Release|Any CPU.Build.0 = Release|Any CPU
	EndGlobalSection
	GlobalSection(SolutionProperties) = preSolution
		HideSolutionNode = FALSE
	EndGlobalSection
	GlobalSection(ExtensibilityGlobals) = postSolution
		SolutionGuid = {C3ECD750-FB79-42A3-971E-5DFAEBEF6578}
	EndGlobalSection
EndGlobal
